{
  "name": "datagateway-common",
  "version": "0.1.0",
  "lockfileVersion": 1,
  "requires": true,
  "dependencies": {
    "@babel/runtime": {
      "version": "7.5.5",
      "resolved": "https://registry.npmjs.org/@babel/runtime/-/runtime-7.5.5.tgz",
      "integrity": "sha512-28QvEGyQyNkB0/m2B4FU7IEZGK2NUrcMtT6BZEFALTguLk+AUT6ofsHtPk5QyjAdUkpMJ+/Em+quwz4HOt30AQ==",
      "requires": {
        "regenerator-runtime": "^0.13.2"
      }
    },
    "@material-ui/pickers": {
      "version": "3.2.7",
      "resolved": "https://registry.npmjs.org/@material-ui/pickers/-/pickers-3.2.7.tgz",
      "integrity": "sha512-dDi8G8TOXssXZQsGCRM4zoDnWMY4O/vvqVCH4ViIHflvS4ek4v30IlFcSONI5jGzL0dmJhNKso2UEn7qS3iZ3g==",
      "requires": {
        "@babel/runtime": "^7.6.0",
        "@types/styled-jsx": "^2.2.8",
        "clsx": "^1.0.2",
        "react-transition-group": "^4.0.0",
        "rifm": "^0.7.0"
      },
      "dependencies": {
        "@babel/runtime": {
          "version": "7.7.0",
          "resolved": "https://registry.npmjs.org/@babel/runtime/-/runtime-7.7.0.tgz",
          "integrity": "sha512-xdf3hZAzoqL9q7ItTe/KyUGw214oXdHmq2XhW8ANRuo2KMX+s17RK+z4DsQiPkdOqCjep14eNTneRoiTs9T1AQ==",
          "requires": {
            "regenerator-runtime": "^0.13.2"
          }
        },
        "@types/styled-jsx": {
          "version": "2.2.8",
          "resolved": "https://registry.npmjs.org/@types/styled-jsx/-/styled-jsx-2.2.8.tgz",
          "integrity": "sha512-Yjye9VwMdYeXfS71ihueWRSxrruuXTwKCbzue4+5b2rjnQ//AtyM7myZ1BEhNhBQ/nL/RE7bdToUoLln2miKvg==",
          "requires": {
            "@types/react": "*"
          }
        },
        "rifm": {
          "version": "0.7.0",
          "resolved": "https://registry.npmjs.org/rifm/-/rifm-0.7.0.tgz",
          "integrity": "sha512-DSOJTWHD67860I5ojetXdEQRIBvF6YcpNe53j0vn1vp9EUb9N80EiZTxgP+FkDKorWC8PZw052kTF4C1GOivCQ==",
          "requires": {
            "@babel/runtime": "^7.3.1"
          }
        }
      }
    },
    "@types/prop-types": {
      "version": "15.7.2",
      "resolved": "https://registry.npmjs.org/@types/prop-types/-/prop-types-15.7.2.tgz",
      "integrity": "sha512-f8JzJNWVhKtc9dg/dyDNfliTKNOJSLa7Oht/ElZdF/UbMUmAH3rLmAk3ODNjw0mZajDEgatA03tRjB4+Dp/tzA=="
    },
    "@types/react": {
      "version": "16.9.2",
      "resolved": "https://registry.npmjs.org/@types/react/-/react-16.9.2.tgz",
      "integrity": "sha512-jYP2LWwlh+FTqGd9v7ynUKZzjj98T8x7Yclz479QdRhHfuW9yQ+0jjnD31eXSXutmBpppj5PYNLYLRfnZJvcfg==",
      "requires": {
        "@types/prop-types": "*",
        "csstype": "^2.2.0"
      }
    },
    "clsx": {
      "version": "1.0.4",
      "resolved": "https://registry.npmjs.org/clsx/-/clsx-1.0.4.tgz",
      "integrity": "sha512-1mQ557MIZTrL/140j+JVdRM6e31/OA4vTYxXgqIIZlndyfjHpyawKZia1Im05Vp9BWmImkcNrNtFYQMyFcgJDg=="
    },
    "csstype": {
      "version": "2.6.6",
      "resolved": "https://registry.npmjs.org/csstype/-/csstype-2.6.6.tgz",
      "integrity": "sha512-RpFbQGUE74iyPgvr46U9t1xoQBM8T4BL8SxrN66Le2xYAPSaDJJKeztV3awugusb3g3G9iL8StmkBBXhcbbXhg=="
    },
    "js-tokens": {
      "version": "4.0.0",
      "resolved": "https://registry.npmjs.org/js-tokens/-/js-tokens-4.0.0.tgz",
      "integrity": "sha512-RdJUflcE3cUzKiMqQgsCu06FPu9UdIJO0beYbPhHN4k6apgJtifcoCtT9bcxOpYBtpD2kCM6Sbzg4CausW/PKQ=="
    },
    "loose-envify": {
      "version": "1.4.0",
      "resolved": "https://registry.npmjs.org/loose-envify/-/loose-envify-1.4.0.tgz",
      "integrity": "sha512-lyuxPGr/Wfhrlem2CL/UcnUc1zcqKAImBDzukY7Y5F/yQiNdko6+fRLevlw1HgMySw7f611UIY408EtxRSoK3Q==",
      "requires": {
        "js-tokens": "^3.0.0 || ^4.0.0"
      }
    },
    "object-assign": {
      "version": "4.1.1",
      "resolved": "https://registry.npmjs.org/object-assign/-/object-assign-4.1.1.tgz",
      "integrity": "sha1-IQmtx5ZYh8/AXLvUQsrIv7s2CGM="
    },
    "prop-types": {
      "version": "15.7.2",
      "resolved": "https://registry.npmjs.org/prop-types/-/prop-types-15.7.2.tgz",
      "integrity": "sha512-8QQikdH7//R2vurIJSutZ1smHYTcLpRWEOlHnzcWHmBYrOGUysKwSsrC89BCiFj3CbrfJ/nXFdJepOVrY1GCHQ==",
      "requires": {
        "loose-envify": "^1.4.0",
        "object-assign": "^4.1.1",
        "react-is": "^16.8.1"
      }
    },
    "react-is": {
      "version": "16.9.0",
      "resolved": "https://registry.npmjs.org/react-is/-/react-is-16.9.0.tgz",
      "integrity": "sha512-tJBzzzIgnnRfEm046qRcURvwQnZVXmuCbscxUO5RWrGTXpon2d4c8mI0D8WE6ydVIm29JiLB6+RslkIvym9Rjw=="
    },
    "react-transition-group": {
      "version": "4.3.0",
      "resolved": "https://registry.npmjs.org/react-transition-group/-/react-transition-group-4.3.0.tgz",
      "integrity": "sha512-1qRV1ZuVSdxPlPf4O8t7inxUGpdyO5zG9IoNfJxSO0ImU2A1YWkEQvFPuIPZmMLkg5hYs7vv5mMOyfgSkvAwvw==",
      "requires": {
        "@babel/runtime": "^7.5.5",
        "dom-helpers": "^5.0.1",
        "loose-envify": "^1.4.0",
        "prop-types": "^15.6.2"
      },
      "dependencies": {
        "dom-helpers": {
          "version": "5.1.0",
          "resolved": "https://registry.npmjs.org/dom-helpers/-/dom-helpers-5.1.0.tgz",
          "integrity": "sha512-zRRYDhpiKuAJHasOqCm7lBnsd22nrM4+OYI4ASWCxen+ocTMl7BIAKgGag97TlLiTl6rrau5aPe1VGUm9jQBng==",
          "requires": {
            "@babel/runtime": "^7.5.5",
            "csstype": "^2.6.6"
          }
        }
      }
    },
    "regenerator-runtime": {
      "version": "0.13.3",
      "resolved": "https://registry.npmjs.org/regenerator-runtime/-/regenerator-runtime-0.13.3.tgz",
      "integrity": "sha512-naKIZz2GQ8JWh///G7L3X6LaQUAMp2lvb1rvwwsURe/VXwD6VMfr+/1NuNw3ag8v2kY1aQ/go5SNn79O9JU7yw=="
    }
  }
}
